
Microsoft Visual Studio Solution File, Format Version 12.00
# Visual Studio Version 17
VisualStudioVersion = 17.0.31903.59
MinimumVisualStudioVersion = 10.0.40219.1
Project("{2150E333-8FDC-42A3-9474-1A3956D46DE8}") = "src", "src", "{94828D65-2231-43C7-B2F5-D2261143A30A}"
EndProject
Project("{2150E333-8FDC-42A3-9474-1A3956D46DE8}") = "test", "test", "{3810F806-71A9-4AEA-B3DB-1B569F36768C}"
EndProject
Project("{2150E333-8FDC-42A3-9474-1A3956D46DE8}") = "Core", "Core", "{D9961299-DBF3-4CD9-BAE4-2C48F9042176}"
EndProject
Project("{2150E333-8FDC-42A3-9474-1A3956D46DE8}") = "Infrastructure", "Infrastructure", "{F6FCA4B1-A742-45ED-ABE9-EBD0ECEF4E2A}"
EndProject
Project("{2150E333-8FDC-42A3-9474-1A3956D46DE8}") = "Presentation", "Presentation", "{A17550D7-2A08-4E9A-8CCC-F9F05486F671}"
EndProject
Project("{2150E333-8FDC-42A3-9474-1A3956D46DE8}") = "Api", "Api", "{57A60660-36BE-4E50-AFFA-79D23F86653B}"
EndProject
Project("{2150E333-8FDC-42A3-9474-1A3956D46DE8}") = "Web", "Web", "{0CED9D65-A5C4-443D-AC21-4D6F68F7D430}"
EndProject
Project("{9A19103F-16F7-4668-BE54-9A1E7A4F7556}") = "Medical.Application", "src\Core\Medical.Application\Medical.Application.csproj", "{E0C05233-8C0D-468F-B479-0B05DF68C9DB}"
EndProject
Project("{FAE04EC0-301F-11D3-BF4B-00C04F79EFBC}") = "Medical.Domain", "src\Core\Medical.Domain\Medical.Domain.csproj", "{39B167A5-59CD-4DDA-BA2C-CD694A033E98}"
EndProject
Project("{FAE04EC0-301F-11D3-BF4B-00C04F79EFBC}") = "Medical.Infrastructure", "src\Infrastructure\Medical.Infrastructure\Medical.Infrastructure.csproj", "{A8AC4AD4-5A23-43DA-AEF9-BCE9A17FD59B}"
EndProject
Project("{FAE04EC0-301F-11D3-BF4B-00C04F79EFBC}") = "Medical.Identity", "src\Infrastructure\Medical.Identity\Medical.Identity.csproj", "{BE0B4FF2-0C85-4FCD-AE9F-F07CA5B80A2E}"
EndProject
Project("{FAE04EC0-301F-11D3-BF4B-00C04F79EFBC}") = "Medical.Persistence", "src\Infrastructure\Medical.Persistence\Medical.Persistence.csproj", "{BABE5FFD-645C-4D96-BD5E-ED6FA9ADAC8D}"
EndProject
Project("{FAE04EC0-301F-11D3-BF4B-00C04F79EFBC}") = "Medical.Api.Auth", "src\Presentation\Api\Medical.Api.Auth\Medical.Api.Auth.csproj", "{0FFC9902-43B5-42BD-B8CC-567C66377C45}"
EndProject
Project("{FAE04EC0-301F-11D3-BF4B-00C04F79EFBC}") = "Medical.Web.Server", "src\Presentation\Web\Medical.Web.Server\Medical.Web.Server.csproj", "{B96397E9-FCF4-4C57-8EFB-F6C81FF15137}"
EndProject
Project("{FAE04EC0-301F-11D3-BF4B-00C04F79EFBC}") = "Medical.Web.Client", "src\Presentation\Web\Medical.Web.Client\Medical.Web.Client.csproj", "{72566370-515B-4CD6-945B-CEA05869192B}"
EndProject
Project("{FAE04EC0-301F-11D3-BF4B-00C04F79EFBC}") = "Medical.Application.UnitTests", "test\Medical.Application.UnitTests\Medical.Application.UnitTests.csproj", "{300653AF-3C6C-4944-BAC7-249DEC26E26B}"
EndProject
Project("{FAE04EC0-301F-11D3-BF4B-00C04F79EFBC}") = "Medical.Domain.UnitTests", "test\Medical.Domain.UnitTests\Medical.Domain.UnitTests.csproj", "{58B8FEE6-CADA-477C-9AA2-F42F5B7BE3AC}"
EndProject
Project("{FAE04EC0-301F-11D3-BF4B-00C04F79EFBC}") = "Medical.Orchestration.AppHost", "src\Infrastructure\Medical.Orchestration.AppHost\Medical.Orchestration.AppHost.csproj", "{7EF12BA2-64A2-4B3C-B0BF-FE42E9DB8C8D}"
EndProject
Project("{FAE04EC0-301F-11D3-BF4B-00C04F79EFBC}") = "Medical.Orchestration.ServiceDefaults", "src\Infrastructure\Medical.Orchestration.ServiceDefaults\Medical.Orchestration.ServiceDefaults.csproj", "{5A9DCC82-F2C5-49B5-BD36-FD39097D19B3}"
EndProject
Global
	GlobalSection(SolutionConfigurationPlatforms) = preSolution
		Debug|Any CPU = Debug|Any CPU
		Release|Any CPU = Release|Any CPU
	EndGlobalSection
	GlobalSection(ProjectConfigurationPlatforms) = postSolution
		{E0C05233-8C0D-468F-B479-0B05DF68C9DB}.Debug|Any CPU.ActiveCfg = Debug|Any CPU
		{E0C05233-8C0D-468F-B479-0B05DF68C9DB}.Debug|Any CPU.Build.0 = Debug|Any CPU
		{E0C05233-8C0D-468F-B479-0B05DF68C9DB}.Release|Any CPU.ActiveCfg = Release|Any CPU
		{E0C05233-8C0D-468F-B479-0B05DF68C9DB}.Release|Any CPU.Build.0 = Release|Any CPU
		{39B167A5-59CD-4DDA-BA2C-CD694A033E98}.Debug|Any CPU.ActiveCfg = Debug|Any CPU
		{39B167A5-59CD-4DDA-BA2C-CD694A033E98}.Debug|Any CPU.Build.0 = Debug|Any CPU
		{39B167A5-59CD-4DDA-BA2C-CD694A033E98}.Release|Any CPU.ActiveCfg = Release|Any CPU
		{39B167A5-59CD-4DDA-BA2C-CD694A033E98}.Release|Any CPU.Build.0 = Release|Any CPU
		{A8AC4AD4-5A23-43DA-AEF9-BCE9A17FD59B}.Debug|Any CPU.ActiveCfg = Debug|Any CPU
		{A8AC4AD4-5A23-43DA-AEF9-BCE9A17FD59B}.Debug|Any CPU.Build.0 = Debug|Any CPU
		{A8AC4AD4-5A23-43DA-AEF9-BCE9A17FD59B}.Release|Any CPU.ActiveCfg = Release|Any CPU
		{A8AC4AD4-5A23-43DA-AEF9-BCE9A17FD59B}.Release|Any CPU.Build.0 = Release|Any CPU
		{BE0B4FF2-0C85-4FCD-AE9F-F07CA5B80A2E}.Debug|Any CPU.ActiveCfg = Debug|Any CPU
		{BE0B4FF2-0C85-4FCD-AE9F-F07CA5B80A2E}.Debug|Any CPU.Build.0 = Debug|Any CPU
		{BE0B4FF2-0C85-4FCD-AE9F-F07CA5B80A2E}.Release|Any CPU.ActiveCfg = Release|Any CPU
		{BE0B4FF2-0C85-4FCD-AE9F-F07CA5B80A2E}.Release|Any CPU.Build.0 = Release|Any CPU
		{BABE5FFD-645C-4D96-BD5E-ED6FA9ADAC8D}.Debug|Any CPU.ActiveCfg = Debug|Any CPU
		{BABE5FFD-645C-4D96-BD5E-ED6FA9ADAC8D}.Debug|Any CPU.Build.0 = Debug|Any CPU
		{BABE5FFD-645C-4D96-BD5E-ED6FA9ADAC8D}.Release|Any CPU.ActiveCfg = Release|Any CPU
		{BABE5FFD-645C-4D96-BD5E-ED6FA9ADAC8D}.Release|Any CPU.Build.0 = Release|Any CPU
		{0FFC9902-43B5-42BD-B8CC-567C66377C45}.Debug|Any CPU.ActiveCfg = Debug|Any CPU
		{0FFC9902-43B5-42BD-B8CC-567C66377C45}.Debug|Any CPU.Build.0 = Debug|Any CPU
		{0FFC9902-43B5-42BD-B8CC-567C66377C45}.Release|Any CPU.ActiveCfg = Release|Any CPU
		{0FFC9902-43B5-42BD-B8CC-567C66377C45}.Release|Any CPU.Build.0 = Release|Any CPU
		{B96397E9-FCF4-4C57-8EFB-F6C81FF15137}.Debug|Any CPU.ActiveCfg = Debug|Any CPU
		{B96397E9-FCF4-4C57-8EFB-F6C81FF15137}.Debug|Any CPU.Build.0 = Debug|Any CPU
		{B96397E9-FCF4-4C57-8EFB-F6C81FF15137}.Release|Any CPU.ActiveCfg = Release|Any CPU
		{B96397E9-FCF4-4C57-8EFB-F6C81FF15137}.Release|Any CPU.Build.0 = Release|Any CPU
		{72566370-515B-4CD6-945B-CEA05869192B}.Debug|Any CPU.ActiveCfg = Debug|Any CPU
		{72566370-515B-4CD6-945B-CEA05869192B}.Debug|Any CPU.Build.0 = Debug|Any CPU
		{72566370-515B-4CD6-945B-CEA05869192B}.Release|Any CPU.ActiveCfg = Release|Any CPU
		{72566370-515B-4CD6-945B-CEA05869192B}.Release|Any CPU.Build.0 = Release|Any CPU
		{300653AF-3C6C-4944-BAC7-249DEC26E26B}.Debug|Any CPU.ActiveCfg = Debug|Any CPU
		{300653AF-3C6C-4944-BAC7-249DEC26E26B}.Debug|Any CPU.Build.0 = Debug|Any CPU
		{300653AF-3C6C-4944-BAC7-249DEC26E26B}.Release|Any CPU.ActiveCfg = Release|Any CPU
		{300653AF-3C6C-4944-BAC7-249DEC26E26B}.Release|Any CPU.Build.0 = Release|Any CPU
		{58B8FEE6-CADA-477C-9AA2-F42F5B7BE3AC}.Debug|Any CPU.ActiveCfg = Debug|Any CPU
		{58B8FEE6-CADA-477C-9AA2-F42F5B7BE3AC}.Debug|Any CPU.Build.0 = Debug|Any CPU
		{58B8FEE6-CADA-477C-9AA2-F42F5B7BE3AC}.Release|Any CPU.ActiveCfg = Release|Any CPU
		{58B8FEE6-CADA-477C-9AA2-F42F5B7BE3AC}.Release|Any CPU.Build.0 = Release|Any CPU
		{7EF12BA2-64A2-4B3C-B0BF-FE42E9DB8C8D}.Debug|Any CPU.ActiveCfg = Debug|Any CPU
		{7EF12BA2-64A2-4B3C-B0BF-FE42E9DB8C8D}.Debug|Any CPU.Build.0 = Debug|Any CPU
		{7EF12BA2-64A2-4B3C-B0BF-FE42E9DB8C8D}.Release|Any CPU.ActiveCfg = Release|Any CPU
		{7EF12BA2-64A2-4B3C-B0BF-FE42E9DB8C8D}.Release|Any CPU.Build.0 = Release|Any CPU
		{5A9DCC82-F2C5-49B5-BD36-FD39097D19B3}.Debug|Any CPU.ActiveCfg = Debug|Any CPU
		{5A9DCC82-F2C5-49B5-BD36-FD39097D19B3}.Debug|Any CPU.Build.0 = Debug|Any CPU
		{5A9DCC82-F2C5-49B5-BD36-FD39097D19B3}.Release|Any CPU.ActiveCfg = Release|Any CPU
		{5A9DCC82-F2C5-49B5-BD36-FD39097D19B3}.Release|Any CPU.Build.0 = Release|Any CPU
	EndGlobalSection
	GlobalSection(SolutionProperties) = preSolution
		HideSolutionNode = FALSE
	EndGlobalSection
	GlobalSection(NestedProjects) = preSolution
		{D9961299-DBF3-4CD9-BAE4-2C48F9042176} = {94828D65-2231-43C7-B2F5-D2261143A30A}
		{F6FCA4B1-A742-45ED-ABE9-EBD0ECEF4E2A} = {94828D65-2231-43C7-B2F5-D2261143A30A}
		{A17550D7-2A08-4E9A-8CCC-F9F05486F671} = {94828D65-2231-43C7-B2F5-D2261143A30A}
		{57A60660-36BE-4E50-AFFA-79D23F86653B} = {A17550D7-2A08-4E9A-8CCC-F9F05486F671}
		{0CED9D65-A5C4-443D-AC21-4D6F68F7D430} = {A17550D7-2A08-4E9A-8CCC-F9F05486F671}
		{E0C05233-8C0D-468F-B479-0B05DF68C9DB} = {D9961299-DBF3-4CD9-BAE4-2C48F9042176}
		{39B167A5-59CD-4DDA-BA2C-CD694A033E98} = {D9961299-DBF3-4CD9-BAE4-2C48F9042176}
		{A8AC4AD4-5A23-43DA-AEF9-BCE9A17FD59B} = {F6FCA4B1-A742-45ED-ABE9-EBD0ECEF4E2A}
		{BE0B4FF2-0C85-4FCD-AE9F-F07CA5B80A2E} = {F6FCA4B1-A742-45ED-ABE9-EBD0ECEF4E2A}
		{BABE5FFD-645C-4D96-BD5E-ED6FA9ADAC8D} = {F6FCA4B1-A742-45ED-ABE9-EBD0ECEF4E2A}
		{0FFC9902-43B5-42BD-B8CC-567C66377C45} = {57A60660-36BE-4E50-AFFA-79D23F86653B}
		{B96397E9-FCF4-4C57-8EFB-F6C81FF15137} = {0CED9D65-A5C4-443D-AC21-4D6F68F7D430}
		{72566370-515B-4CD6-945B-CEA05869192B} = {0CED9D65-A5C4-443D-AC21-4D6F68F7D430}
		{300653AF-3C6C-4944-BAC7-249DEC26E26B} = {3810F806-71A9-4AEA-B3DB-1B569F36768C}
		{58B8FEE6-CADA-477C-9AA2-F42F5B7BE3AC} = {3810F806-71A9-4AEA-B3DB-1B569F36768C}
		{7EF12BA2-64A2-4B3C-B0BF-FE42E9DB8C8D} = {F6FCA4B1-A742-45ED-ABE9-EBD0ECEF4E2A}
		{5A9DCC82-F2C5-49B5-BD36-FD39097D19B3} = {F6FCA4B1-A742-45ED-ABE9-EBD0ECEF4E2A}
	EndGlobalSection
	GlobalSection(ExtensibilityGlobals) = postSolution
		SolutionGuid = {3933559B-B569-4391-9D10-E4A527E42BF4}
	EndGlobalSection
EndGlobal
