
Microsoft Visual Studio Solution File, Format Version 12.00
# Visual Studio Version 17
VisualStudioVersion = 17.0.31903.59
MinimumVisualStudioVersion = 10.0.40219.1
Project("{2150E333-8FDC-42A3-9474-1A3956D46DE8}") = "src", "src", "{94828D65-2231-43C7-B2F5-D2261143A30A}"
EndProject
Project("{2150E333-8FDC-42A3-9474-1A3956D46DE8}") = "test", "test", "{3810F806-71A9-4AEA-B3DB-1B569F36768C}"
EndProject
Project("{2150E333-8FDC-42A3-9474-1A3956D46DE8}") = "Core", "Core", "{D9961299-DBF3-4CD9-BAE4-2C48F9042176}"
EndProject
Project("{2150E333-8FDC-42A3-9474-1A3956D46DE8}") = "Infrastructure", "Infrastructure", "{F6FCA4B1-A742-45ED-ABE9-EBD0ECEF4E2A}"
EndProject
Project("{2150E333-8FDC-42A3-9474-1A3956D46DE8}") = "Presentation", "Presentation", "{A17550D7-2A08-4E9A-8CCC-F9F05486F671}"
EndProject
Project("{9A19103F-16F7-4668-BE54-9A1E7A4F7556}") = "Medical.Application", "src\Core\Medical.Application\Medical.Application.csproj", "{E0C05233-8C0D-468F-B479-0B05DF68C9DB}"
EndProject
Project("{FAE04EC0-301F-11D3-BF4B-00C04F79EFBC}") = "Medical.Domain", "src\Core\Medical.Domain\Medical.Domain.csproj", "{39B167A5-59CD-4DDA-BA2C-CD694A033E98}"
EndProject
Project("{FAE04EC0-301F-11D3-BF4B-00C04F79EFBC}") = "Medical.Infrastructure", "src\Infrastructure\Medical.Infrastructure\Medical.Infrastructure.csproj", "{A8AC4AD4-5A23-43DA-AEF9-BCE9A17FD59B}"
EndProject
Project("{FAE04EC0-301F-11D3-BF4B-00C04F79EFBC}") = "Medical.Identity", "src\Infrastructure\Medical.Identity\Medical.Identity.csproj", "{BE0B4FF2-0C85-4FCD-AE9F-F07CA5B80A2E}"
EndProject
Project("{FAE04EC0-301F-11D3-BF4B-00C04F79EFBC}") = "Medical.Persistence", "src\Infrastructure\Medical.Persistence\Medical.Persistence.csproj", "{BABE5FFD-645C-4D96-BD5E-ED6FA9ADAC8D}"
EndProject
Project("{FAE04EC0-301F-11D3-BF4B-00C04F79EFBC}") = "Medical.Application.UnitTests", "test\Medical.Application.UnitTests\Medical.Application.UnitTests.csproj", "{300653AF-3C6C-4944-BAC7-249DEC26E26B}"
EndProject
Project("{FAE04EC0-301F-11D3-BF4B-00C04F79EFBC}") = "Medical.Domain.UnitTests", "test\Medical.Domain.UnitTests\Medical.Domain.UnitTests.csproj", "{58B8FEE6-CADA-477C-9AA2-F42F5B7BE3AC}"
EndProject
Project("{FAE04EC0-301F-11D3-BF4B-00C04F79EFBC}") = "Medical.Resource", "src\Infrastructure\Medical.Resource\Medical.Resource.csproj", "{96F891C9-8E2F-4BC0-BEE4-A974B056D18E}"
EndProject
Project("{FAE04EC0-301F-11D3-BF4B-00C04F79EFBC}") = "Medical.UI", "src\Presentation\Medical.UI\Medical.UI.csproj", "{D06B875F-3315-4B03-9A2E-B592270575FC}"
EndProject
Project("{FAE04EC0-301F-11D3-BF4B-00C04F79EFBC}") = "Medical.Auth", "src\Presentation\Medical.Auth\Medical.Auth.csproj", "{D425B0FF-DD88-4140-9688-6431DA1BEE55}"
EndProject
Project("{FAE04EC0-301F-11D3-BF4B-00C04F79EFBC}") = "Medical.App", "src\Presentation\Medical.App\Medical.App.csproj", "{651243BD-1982-43ED-9B49-156887D00BE5}"
EndProject
Global
	GlobalSection(SolutionConfigurationPlatforms) = preSolution
		Debug|Any CPU = Debug|Any CPU
		Release|Any CPU = Release|Any CPU
	EndGlobalSection
	GlobalSection(ProjectConfigurationPlatforms) = postSolution
		{E0C05233-8C0D-468F-B479-0B05DF68C9DB}.Debug|Any CPU.ActiveCfg = Debug|Any CPU
		{E0C05233-8C0D-468F-B479-0B05DF68C9DB}.Debug|Any CPU.Build.0 = Debug|Any CPU
		{E0C05233-8C0D-468F-B479-0B05DF68C9DB}.Release|Any CPU.ActiveCfg = Release|Any CPU
		{E0C05233-8C0D-468F-B479-0B05DF68C9DB}.Release|Any CPU.Build.0 = Release|Any CPU
		{39B167A5-59CD-4DDA-BA2C-CD694A033E98}.Debug|Any CPU.ActiveCfg = Debug|Any CPU
		{39B167A5-59CD-4DDA-BA2C-CD694A033E98}.Debug|Any CPU.Build.0 = Debug|Any CPU
		{39B167A5-59CD-4DDA-BA2C-CD694A033E98}.Release|Any CPU.ActiveCfg = Release|Any CPU
		{39B167A5-59CD-4DDA-BA2C-CD694A033E98}.Release|Any CPU.Build.0 = Release|Any CPU
		{A8AC4AD4-5A23-43DA-AEF9-BCE9A17FD59B}.Debug|Any CPU.ActiveCfg = Debug|Any CPU
		{A8AC4AD4-5A23-43DA-AEF9-BCE9A17FD59B}.Debug|Any CPU.Build.0 = Debug|Any CPU
		{A8AC4AD4-5A23-43DA-AEF9-BCE9A17FD59B}.Release|Any CPU.ActiveCfg = Release|Any CPU
		{A8AC4AD4-5A23-43DA-AEF9-BCE9A17FD59B}.Release|Any CPU.Build.0 = Release|Any CPU
		{BE0B4FF2-0C85-4FCD-AE9F-F07CA5B80A2E}.Debug|Any CPU.ActiveCfg = Debug|Any CPU
		{BE0B4FF2-0C85-4FCD-AE9F-F07CA5B80A2E}.Debug|Any CPU.Build.0 = Debug|Any CPU
		{BE0B4FF2-0C85-4FCD-AE9F-F07CA5B80A2E}.Release|Any CPU.ActiveCfg = Release|Any CPU
		{BE0B4FF2-0C85-4FCD-AE9F-F07CA5B80A2E}.Release|Any CPU.Build.0 = Release|Any CPU
		{BABE5FFD-645C-4D96-BD5E-ED6FA9ADAC8D}.Debug|Any CPU.ActiveCfg = Debug|Any CPU
		{BABE5FFD-645C-4D96-BD5E-ED6FA9ADAC8D}.Debug|Any CPU.Build.0 = Debug|Any CPU
		{BABE5FFD-645C-4D96-BD5E-ED6FA9ADAC8D}.Release|Any CPU.ActiveCfg = Release|Any CPU
		{BABE5FFD-645C-4D96-BD5E-ED6FA9ADAC8D}.Release|Any CPU.Build.0 = Release|Any CPU
		{300653AF-3C6C-4944-BAC7-249DEC26E26B}.Debug|Any CPU.ActiveCfg = Debug|Any CPU
		{300653AF-3C6C-4944-BAC7-249DEC26E26B}.Debug|Any CPU.Build.0 = Debug|Any CPU
		{300653AF-3C6C-4944-BAC7-249DEC26E26B}.Release|Any CPU.ActiveCfg = Release|Any CPU
		{300653AF-3C6C-4944-BAC7-249DEC26E26B}.Release|Any CPU.Build.0 = Release|Any CPU
		{58B8FEE6-CADA-477C-9AA2-F42F5B7BE3AC}.Debug|Any CPU.ActiveCfg = Debug|Any CPU
		{58B8FEE6-CADA-477C-9AA2-F42F5B7BE3AC}.Debug|Any CPU.Build.0 = Debug|Any CPU
		{58B8FEE6-CADA-477C-9AA2-F42F5B7BE3AC}.Release|Any CPU.ActiveCfg = Release|Any CPU
		{58B8FEE6-CADA-477C-9AA2-F42F5B7BE3AC}.Release|Any CPU.Build.0 = Release|Any CPU
		{96F891C9-8E2F-4BC0-BEE4-A974B056D18E}.Debug|Any CPU.ActiveCfg = Debug|Any CPU
		{96F891C9-8E2F-4BC0-BEE4-A974B056D18E}.Debug|Any CPU.Build.0 = Debug|Any CPU
		{96F891C9-8E2F-4BC0-BEE4-A974B056D18E}.Release|Any CPU.ActiveCfg = Release|Any CPU
		{96F891C9-8E2F-4BC0-BEE4-A974B056D18E}.Release|Any CPU.Build.0 = Release|Any CPU
		{D06B875F-3315-4B03-9A2E-B592270575FC}.Debug|Any CPU.ActiveCfg = Debug|Any CPU
		{D06B875F-3315-4B03-9A2E-B592270575FC}.Debug|Any CPU.Build.0 = Debug|Any CPU
		{D06B875F-3315-4B03-9A2E-B592270575FC}.Release|Any CPU.ActiveCfg = Release|Any CPU
		{D06B875F-3315-4B03-9A2E-B592270575FC}.Release|Any CPU.Build.0 = Release|Any CPU
		{D425B0FF-DD88-4140-9688-6431DA1BEE55}.Debug|Any CPU.ActiveCfg = Debug|Any CPU
		{D425B0FF-DD88-4140-9688-6431DA1BEE55}.Debug|Any CPU.Build.0 = Debug|Any CPU
		{D425B0FF-DD88-4140-9688-6431DA1BEE55}.Release|Any CPU.ActiveCfg = Release|Any CPU
		{D425B0FF-DD88-4140-9688-6431DA1BEE55}.Release|Any CPU.Build.0 = Release|Any CPU
		{651243BD-1982-43ED-9B49-156887D00BE5}.Debug|Any CPU.ActiveCfg = Debug|Any CPU
		{651243BD-1982-43ED-9B49-156887D00BE5}.Debug|Any CPU.Build.0 = Debug|Any CPU
		{651243BD-1982-43ED-9B49-156887D00BE5}.Release|Any CPU.ActiveCfg = Release|Any CPU
		{651243BD-1982-43ED-9B49-156887D00BE5}.Release|Any CPU.Build.0 = Release|Any CPU
	EndGlobalSection
	GlobalSection(SolutionProperties) = preSolution
		HideSolutionNode = FALSE
	EndGlobalSection
	GlobalSection(NestedProjects) = preSolution
		{D9961299-DBF3-4CD9-BAE4-2C48F9042176} = {94828D65-2231-43C7-B2F5-D2261143A30A}
		{F6FCA4B1-A742-45ED-ABE9-EBD0ECEF4E2A} = {94828D65-2231-43C7-B2F5-D2261143A30A}
		{A17550D7-2A08-4E9A-8CCC-F9F05486F671} = {94828D65-2231-43C7-B2F5-D2261143A30A}
		{E0C05233-8C0D-468F-B479-0B05DF68C9DB} = {D9961299-DBF3-4CD9-BAE4-2C48F9042176}
		{39B167A5-59CD-4DDA-BA2C-CD694A033E98} = {D9961299-DBF3-4CD9-BAE4-2C48F9042176}
		{A8AC4AD4-5A23-43DA-AEF9-BCE9A17FD59B} = {F6FCA4B1-A742-45ED-ABE9-EBD0ECEF4E2A}
		{BE0B4FF2-0C85-4FCD-AE9F-F07CA5B80A2E} = {F6FCA4B1-A742-45ED-ABE9-EBD0ECEF4E2A}
		{BABE5FFD-645C-4D96-BD5E-ED6FA9ADAC8D} = {F6FCA4B1-A742-45ED-ABE9-EBD0ECEF4E2A}
		{300653AF-3C6C-4944-BAC7-249DEC26E26B} = {3810F806-71A9-4AEA-B3DB-1B569F36768C}
		{58B8FEE6-CADA-477C-9AA2-F42F5B7BE3AC} = {3810F806-71A9-4AEA-B3DB-1B569F36768C}
		{96F891C9-8E2F-4BC0-BEE4-A974B056D18E} = {F6FCA4B1-A742-45ED-ABE9-EBD0ECEF4E2A}
		{D06B875F-3315-4B03-9A2E-B592270575FC} = {A17550D7-2A08-4E9A-8CCC-F9F05486F671}
		{D425B0FF-DD88-4140-9688-6431DA1BEE55} = {A17550D7-2A08-4E9A-8CCC-F9F05486F671}
		{651243BD-1982-43ED-9B49-156887D00BE5} = {00000000-0000-0000-0000-000000000000}
	EndGlobalSection
	GlobalSection(ExtensibilityGlobals) = postSolution
		SolutionGuid = {3933559B-B569-4391-9D10-E4A527E42BF4}
	EndGlobalSection
EndGlobal
